// !$*UTF8*$!
{
	archiveVersion = 1;
	classes = {
	};
	objectVersion = 48;
	objects = {

/* Begin PBXBuildFile section */
		135F42C60BBBECCEF86967DC /* Pods_HeartRateMonitor.framework in Frameworks */ = {isa = PBXBuildFile; fileRef = 147C18AB3F0AE00E2382B705 /* Pods_HeartRateMonitor.framework */; };
		5C03606F1FB90013007BC593 /* AppDelegate.swift in Sources */ = {isa = PBXBuildFile; fileRef = 5C03606E1FB90013007BC593 /* AppDelegate.swift */; };
		5C0360741FB90013007BC593 /* Main.storyboard in Resources */ = {isa = PBXBuildFile; fileRef = 5C0360721FB90013007BC593 /* Main.storyboard */; };
		5C0360761FB90013007BC593 /* Assets.xcassets in Resources */ = {isa = PBXBuildFile; fileRef = 5C0360751FB90013007BC593 /* Assets.xcassets */; };
		5C0360791FB90013007BC593 /* LaunchScreen.storyboard in Resources */ = {isa = PBXBuildFile; fileRef = 5C0360771FB90013007BC593 /* LaunchScreen.storyboard */; };
		A936E7F8244D32CE00E034EB /* HandskNN.mlmodel in Sources */ = {isa = PBXBuildFile; fileRef = A936E7F7244D32CE00E034EB /* HandskNN.mlmodel */; };
		A936E7FB244D335A00E034EB /* TrainNearestNeighborsViewController.swift in Sources */ = {isa = PBXBuildFile; fileRef = A936E7FA244D335A00E034EB /* TrainNearestNeighborsViewController.swift */; };
		A936E7FD244D36E000E034EB /* Models.swift in Sources */ = {isa = PBXBuildFile; fileRef = A936E7FC244D36E000E034EB /* Models.swift */; };
		A936E802244D38BF00E034EB /* Helpers.swift in Sources */ = {isa = PBXBuildFile; fileRef = A936E801244D38BF00E034EB /* Helpers.swift */; };
		A93C3F0123F1EBC600FBAB15 /* GraphViewController.swift in Sources */ = {isa = PBXBuildFile; fileRef = A93C3F0023F1EBC600FBAB15 /* GraphViewController.swift */; };
		A93C3F0323F1EBD800FBAB15 /* HRMViewController.swift in Sources */ = {isa = PBXBuildFile; fileRef = A93C3F0223F1EBD800FBAB15 /* HRMViewController.swift */; };
		A93C3F0523F1F58E00FBAB15 /* TabViewController.swift in Sources */ = {isa = PBXBuildFile; fileRef = A93C3F0423F1F58E00FBAB15 /* TabViewController.swift */; };
		A93C3F0723F1FA4A00FBAB15 /* BTSample.swift in Sources */ = {isa = PBXBuildFile; fileRef = A93C3F0623F1FA4A00FBAB15 /* BTSample.swift */; };
		A96C8EAB2407237D0075A2E7 /* ActivitiesViewController.swift in Sources */ = {isa = PBXBuildFile; fileRef = A96C8EAA2407237D0075A2E7 /* ActivitiesViewController.swift */; };
		A9B86A2623F3A2A9006655A7 /* BluetoothController.swift in Sources */ = {isa = PBXBuildFile; fileRef = A9B86A2523F3A2A9006655A7 /* BluetoothController.swift */; };
		A9B86A2823F3A9B2006655A7 /* CalendarViewController.swift in Sources */ = {isa = PBXBuildFile; fileRef = A9B86A2723F3A9B2006655A7 /* CalendarViewController.swift */; };
		A9B86A2A23F3AC19006655A7 /* DataCell.swift in Sources */ = {isa = PBXBuildFile; fileRef = A9B86A2923F3AC19006655A7 /* DataCell.swift */; };
		A9CAA5EC240D56BD004D925B /* BreatheViewController.swift in Sources */ = {isa = PBXBuildFile; fileRef = A9CAA5EB240D56BD004D925B /* BreatheViewController.swift */; };
		A9CAA5EF240D56FE004D925B /* BreatheView.swift in Sources */ = {isa = PBXBuildFile; fileRef = A9CAA5EE240D56FE004D925B /* BreatheView.swift */; };
		A9CAA5F1240D5736004D925B /* CABasicAnimation+Custom.swift in Sources */ = {isa = PBXBuildFile; fileRef = A9CAA5F0240D5736004D925B /* CABasicAnimation+Custom.swift */; };
/* End PBXBuildFile section */

/* Begin PBXFileReference section */
		147C18AB3F0AE00E2382B705 /* Pods_HeartRateMonitor.framework */ = {isa = PBXFileReference; explicitFileType = wrapper.framework; includeInIndex = 0; path = Pods_HeartRateMonitor.framework; sourceTree = BUILT_PRODUCTS_DIR; };
		3C14A3487C881C3673EADACB /* Pods-HeartRateMonitor.release.xcconfig */ = {isa = PBXFileReference; includeInIndex = 1; lastKnownFileType = text.xcconfig; name = "Pods-HeartRateMonitor.release.xcconfig"; path = "Target Support Files/Pods-HeartRateMonitor/Pods-HeartRateMonitor.release.xcconfig"; sourceTree = "<group>"; };
		46C9D27EE0ED43EFE96E9AF8 /* Pods-HeartRateMonitor.debug.xcconfig */ = {isa = PBXFileReference; includeInIndex = 1; lastKnownFileType = text.xcconfig; name = "Pods-HeartRateMonitor.debug.xcconfig"; path = "Target Support Files/Pods-HeartRateMonitor/Pods-HeartRateMonitor.debug.xcconfig"; sourceTree = "<group>"; };
		5C03606B1FB90013007BC593 /* Porterable.app */ = {isa = PBXFileReference; explicitFileType = wrapper.application; includeInIndex = 0; path = Porterable.app; sourceTree = BUILT_PRODUCTS_DIR; };
		5C03606E1FB90013007BC593 /* AppDelegate.swift */ = {isa = PBXFileReference; lastKnownFileType = sourcecode.swift; path = AppDelegate.swift; sourceTree = "<group>"; };
		5C0360731FB90013007BC593 /* Base */ = {isa = PBXFileReference; lastKnownFileType = file.storyboard; name = Base; path = Base.lproj/Main.storyboard; sourceTree = "<group>"; };
		5C0360751FB90013007BC593 /* Assets.xcassets */ = {isa = PBXFileReference; lastKnownFileType = folder.assetcatalog; path = Assets.xcassets; sourceTree = "<group>"; };
		5C0360781FB90013007BC593 /* Base */ = {isa = PBXFileReference; lastKnownFileType = file.storyboard; name = Base; path = Base.lproj/LaunchScreen.storyboard; sourceTree = "<group>"; };
		5C03607A1FB90013007BC593 /* Info.plist */ = {isa = PBXFileReference; lastKnownFileType = text.plist.xml; path = Info.plist; sourceTree = "<group>"; };
		A936E7F7244D32CE00E034EB /* HandskNN.mlmodel */ = {isa = PBXFileReference; lastKnownFileType = file.mlmodel; path = HandskNN.mlmodel; sourceTree = "<group>"; };
		A936E7FA244D335A00E034EB /* TrainNearestNeighborsViewController.swift */ = {isa = PBXFileReference; lastKnownFileType = sourcecode.swift; name = TrainNearestNeighborsViewController.swift; path = /Users/mattqd97/Desktop/Spring_2020/SeniorDesign/PowerPorterIOS/HeartRateMonitor/Controllers/TrainNearestNeighborsViewController.swift; sourceTree = "<absolute>"; };
		A936E7FC244D36E000E034EB /* Models.swift */ = {isa = PBXFileReference; lastKnownFileType = sourcecode.swift; name = Models.swift; path = /Users/mattqd97/Desktop/Spring_2020/SeniorDesign/PowerPorterIOS/HeartRateMonitor/Models.swift; sourceTree = "<absolute>"; };
		A936E801244D38BF00E034EB /* Helpers.swift */ = {isa = PBXFileReference; lastKnownFileType = sourcecode.swift; name = Helpers.swift; path = ../Helpers.swift; sourceTree = "<group>"; };
		A93C3F0023F1EBC600FBAB15 /* GraphViewController.swift */ = {isa = PBXFileReference; fileEncoding = 4; lastKnownFileType = sourcecode.swift; path = GraphViewController.swift; sourceTree = "<group>"; };
		A93C3F0223F1EBD800FBAB15 /* HRMViewController.swift */ = {isa = PBXFileReference; fileEncoding = 4; lastKnownFileType = sourcecode.swift; path = HRMViewController.swift; sourceTree = "<group>"; };
		A93C3F0423F1F58E00FBAB15 /* TabViewController.swift */ = {isa = PBXFileReference; lastKnownFileType = sourcecode.swift; path = TabViewController.swift; sourceTree = "<group>"; };
		A93C3F0623F1FA4A00FBAB15 /* BTSample.swift */ = {isa = PBXFileReference; lastKnownFileType = sourcecode.swift; path = BTSample.swift; sourceTree = "<group>"; };
		A96C8EAA2407237D0075A2E7 /* ActivitiesViewController.swift */ = {isa = PBXFileReference; lastKnownFileType = sourcecode.swift; path = ActivitiesViewController.swift; sourceTree = "<group>"; };
		A9B86A2523F3A2A9006655A7 /* BluetoothController.swift */ = {isa = PBXFileReference; lastKnownFileType = sourcecode.swift; path = BluetoothController.swift; sourceTree = "<group>"; };
		A9B86A2723F3A9B2006655A7 /* CalendarViewController.swift */ = {isa = PBXFileReference; lastKnownFileType = sourcecode.swift; path = CalendarViewController.swift; sourceTree = "<group>"; };
		A9B86A2923F3AC19006655A7 /* DataCell.swift */ = {isa = PBXFileReference; lastKnownFileType = sourcecode.swift; path = DataCell.swift; sourceTree = "<group>"; };
		A9CAA5EB240D56BD004D925B /* BreatheViewController.swift */ = {isa = PBXFileReference; lastKnownFileType = sourcecode.swift; path = BreatheViewController.swift; sourceTree = "<group>"; };
		A9CAA5EE240D56FE004D925B /* BreatheView.swift */ = {isa = PBXFileReference; lastKnownFileType = sourcecode.swift; path = BreatheView.swift; sourceTree = "<group>"; };
		A9CAA5F0240D5736004D925B /* CABasicAnimation+Custom.swift */ = {isa = PBXFileReference; lastKnownFileType = sourcecode.swift; path = "CABasicAnimation+Custom.swift"; sourceTree = "<group>"; };
/* End PBXFileReference section */

/* Begin PBXFrameworksBuildPhase section */
		5C0360681FB90013007BC593 /* Frameworks */ = {
			isa = PBXFrameworksBuildPhase;
			buildActionMask = 2147483647;
			files = (
				135F42C60BBBECCEF86967DC /* Pods_HeartRateMonitor.framework in Frameworks */,
			);
			runOnlyForDeploymentPostprocessing = 0;
		};
/* End PBXFrameworksBuildPhase section */

/* Begin PBXGroup section */
		5C0360621FB90013007BC593 = {
			isa = PBXGroup;
			children = (
				5C03606D1FB90013007BC593 /* HeartRateMonitor */,
				5C03606C1FB90013007BC593 /* Products */,
				880FBB446723E41B845BAEA8 /* Pods */,
				886227CE1A8B80C0D053368B /* Frameworks */,
			);
			indentWidth = 2;
			sourceTree = "<group>";
			tabWidth = 2;
		};
		5C03606C1FB90013007BC593 /* Products */ = {
			isa = PBXGroup;
			children = (
				5C03606B1FB90013007BC593 /* Porterable.app */,
			);
			name = Products;
			sourceTree = "<group>";
		};
		5C03606D1FB90013007BC593 /* HeartRateMonitor */ = {
			isa = PBXGroup;
			children = (
				A9CAA5ED240D56DA004D925B /* Breathe */,
				A93C3EFC23F1E97A00FBAB15 /* Controllers */,
				A936E7F9244D32D900E034EB /* Model */,
				5C03606E1FB90013007BC593 /* AppDelegate.swift */,
				A93C3F0623F1FA4A00FBAB15 /* BTSample.swift */,
				A9B86A2523F3A2A9006655A7 /* BluetoothController.swift */,
				A9B86A2923F3AC19006655A7 /* DataCell.swift */,
				5C0360721FB90013007BC593 /* Main.storyboard */,
				5C0360771FB90013007BC593 /* LaunchScreen.storyboard */,
				5C0360751FB90013007BC593 /* Assets.xcassets */,
				5C03607A1FB90013007BC593 /* Info.plist */,
			);
			path = HeartRateMonitor;
			sourceTree = "<group>";
		};
		880FBB446723E41B845BAEA8 /* Pods */ = {
			isa = PBXGroup;
			children = (
				46C9D27EE0ED43EFE96E9AF8 /* Pods-HeartRateMonitor.debug.xcconfig */,
				3C14A3487C881C3673EADACB /* Pods-HeartRateMonitor.release.xcconfig */,
			);
			path = Pods;
			sourceTree = "<group>";
		};
		886227CE1A8B80C0D053368B /* Frameworks */ = {
			isa = PBXGroup;
			children = (
				147C18AB3F0AE00E2382B705 /* Pods_HeartRateMonitor.framework */,
			);
			name = Frameworks;
			sourceTree = "<group>";
		};
		A936E7F9244D32D900E034EB /* Model */ = {
			isa = PBXGroup;
			children = (
				A936E7FA244D335A00E034EB /* TrainNearestNeighborsViewController.swift */,
				A936E7F7244D32CE00E034EB /* HandskNN.mlmodel */,
				A936E7FC244D36E000E034EB /* Models.swift */,
				A936E801244D38BF00E034EB /* Helpers.swift */,
			);
			path = Model;
			sourceTree = "<group>";
		};
		A93C3EFC23F1E97A00FBAB15 /* Controllers */ = {
			isa = PBXGroup;
			children = (
				A93C3F0223F1EBD800FBAB15 /* HRMViewController.swift */,
				A93C3F0023F1EBC600FBAB15 /* GraphViewController.swift */,
				A93C3F0423F1F58E00FBAB15 /* TabViewController.swift */,
				A9B86A2723F3A9B2006655A7 /* CalendarViewController.swift */,
				A96C8EAA2407237D0075A2E7 /* ActivitiesViewController.swift */,
				A9CAA5EB240D56BD004D925B /* BreatheViewController.swift */,
			);
			path = Controllers;
			sourceTree = "<group>";
		};
		A9CAA5ED240D56DA004D925B /* Breathe */ = {
			isa = PBXGroup;
			children = (
				A9CAA5EE240D56FE004D925B /* BreatheView.swift */,
				A9CAA5F0240D5736004D925B /* CABasicAnimation+Custom.swift */,
			);
			path = Breathe;
			sourceTree = "<group>";
		};
/* End PBXGroup section */

/* Begin PBXNativeTarget section */
		5C03606A1FB90013007BC593 /* HeartRateMonitor */ = {
			isa = PBXNativeTarget;
			buildConfigurationList = 5C03607D1FB90013007BC593 /* Build configuration list for PBXNativeTarget "HeartRateMonitor" */;
			buildPhases = (
				8AAD8811C81E1DBED6B2E848 /* [CP] Check Pods Manifest.lock */,
				5C0360671FB90013007BC593 /* Sources */,
				5C0360681FB90013007BC593 /* Frameworks */,
				5C0360691FB90013007BC593 /* Resources */,
				6D100203B2A0A89198739AE8 /* [CP] Embed Pods Frameworks */,
			);
			buildRules = (
			);
			dependencies = (
			);
			name = HeartRateMonitor;
			productName = HeartRateMonitor;
			productReference = 5C03606B1FB90013007BC593 /* Porterable.app */;
			productType = "com.apple.product-type.application";
		};
/* End PBXNativeTarget section */

/* Begin PBXProject section */
		5C0360631FB90013007BC593 /* Project object */ = {
			isa = PBXProject;
			attributes = {
				LastSwiftUpdateCheck = 0910;
				LastUpgradeCheck = 1120;
				ORGANIZATIONNAME = "Ray Wenderlich";
				TargetAttributes = {
					5C03606A1FB90013007BC593 = {
						CreatedOnToolsVersion = 9.1;
						LastSwiftMigration = 1120;
						ProvisioningStyle = Automatic;
					};
				};
			};
			buildConfigurationList = 5C0360661FB90013007BC593 /* Build configuration list for PBXProject "HeartRateMonitor" */;
			compatibilityVersion = "Xcode 8.0";
			developmentRegion = en;
			hasScannedForEncodings = 0;
			knownRegions = (
				en,
				Base,
			);
			mainGroup = 5C0360621FB90013007BC593;
			productRefGroup = 5C03606C1FB90013007BC593 /* Products */;
			projectDirPath = "";
			projectRoot = "";
			targets = (
				5C03606A1FB90013007BC593 /* HeartRateMonitor */,
			);
		};
/* End PBXProject section */

/* Begin PBXResourcesBuildPhase section */
		5C0360691FB90013007BC593 /* Resources */ = {
			isa = PBXResourcesBuildPhase;
			buildActionMask = 2147483647;
			files = (
				5C0360791FB90013007BC593 /* LaunchScreen.storyboard in Resources */,
				5C0360761FB90013007BC593 /* Assets.xcassets in Resources */,
				5C0360741FB90013007BC593 /* Main.storyboard in Resources */,
			);
			runOnlyForDeploymentPostprocessing = 0;
		};
/* End PBXResourcesBuildPhase section */

/* Begin PBXShellScriptBuildPhase section */
		6D100203B2A0A89198739AE8 /* [CP] Embed Pods Frameworks */ = {
			isa = PBXShellScriptBuildPhase;
			buildActionMask = 2147483647;
			files = (
			);
			inputPaths = (
				"${PODS_ROOT}/Target Support Files/Pods-HeartRateMonitor/Pods-HeartRateMonitor-frameworks.sh",
				"${BUILT_PRODUCTS_DIR}/CSV.swift/CSV.framework",
				"${BUILT_PRODUCTS_DIR}/Charts/Charts.framework",
				"${BUILT_PRODUCTS_DIR}/JTAppleCalendar/JTAppleCalendar.framework",
			);
			name = "[CP] Embed Pods Frameworks";
			outputPaths = (
				"${TARGET_BUILD_DIR}/${FRAMEWORKS_FOLDER_PATH}/CSV.framework",
				"${TARGET_BUILD_DIR}/${FRAMEWORKS_FOLDER_PATH}/Charts.framework",
				"${TARGET_BUILD_DIR}/${FRAMEWORKS_FOLDER_PATH}/JTAppleCalendar.framework",
			);
			runOnlyForDeploymentPostprocessing = 0;
			shellPath = /bin/sh;
			shellScript = "\"${PODS_ROOT}/Target Support Files/Pods-HeartRateMonitor/Pods-HeartRateMonitor-frameworks.sh\"\n";
			showEnvVarsInLog = 0;
		};
		8AAD8811C81E1DBED6B2E848 /* [CP] Check Pods Manifest.lock */ = {
			isa = PBXShellScriptBuildPhase;
			buildActionMask = 2147483647;
			files = (
			);
			inputFileListPaths = (
			);
			inputPaths = (
				"${PODS_PODFILE_DIR_PATH}/Podfile.lock",
				"${PODS_ROOT}/Manifest.lock",
			);
			name = "[CP] Check Pods Manifest.lock";
			outputFileListPaths = (
			);
			outputPaths = (
				"$(DERIVED_FILE_DIR)/Pods-HeartRateMonitor-checkManifestLockResult.txt",
			);
			runOnlyForDeploymentPostprocessing = 0;
			shellPath = /bin/sh;
			shellScript = "diff \"${PODS_PODFILE_DIR_PATH}/Podfile.lock\" \"${PODS_ROOT}/Manifest.lock\" > /dev/null\nif [ $? != 0 ] ; then\n    # print error to STDERR\n    echo \"error: The sandbox is not in sync with the Podfile.lock. Run 'pod install' or update your CocoaPods installation.\" >&2\n    exit 1\nfi\n# This output is used by Xcode 'outputs' to avoid re-running this script phase.\necho \"SUCCESS\" > \"${SCRIPT_OUTPUT_FILE_0}\"\n";
			showEnvVarsInLog = 0;
		};
/* End PBXShellScriptBuildPhase section */

/* Begin PBXSourcesBuildPhase section */
		5C0360671FB90013007BC593 /* Sources */ = {
			isa = PBXSourcesBuildPhase;
			buildActionMask = 2147483647;
			files = (
				A936E7FB244D335A00E034EB /* TrainNearestNeighborsViewController.swift in Sources */,
				A9CAA5EC240D56BD004D925B /* BreatheViewController.swift in Sources */,
				A93C3F0723F1FA4A00FBAB15 /* BTSample.swift in Sources */,
				A93C3F0523F1F58E00FBAB15 /* TabViewController.swift in Sources */,
				A93C3F0323F1EBD800FBAB15 /* HRMViewController.swift in Sources */,
				A9B86A2A23F3AC19006655A7 /* DataCell.swift in Sources */,
				A96C8EAB2407237D0075A2E7 /* ActivitiesViewController.swift in Sources */,
				A93C3F0123F1EBC600FBAB15 /* GraphViewController.swift in Sources */,
				A936E7F8244D32CE00E034EB /* HandskNN.mlmodel in Sources */,
				A936E7FD244D36E000E034EB /* Models.swift in Sources */,
				A9B86A2623F3A2A9006655A7 /* BluetoothController.swift in Sources */,
				A936E802244D38BF00E034EB /* Helpers.swift in Sources */,
				A9CAA5F1240D5736004D925B /* CABasicAnimation+Custom.swift in Sources */,
				A9B86A2823F3A9B2006655A7 /* CalendarViewController.swift in Sources */,
				A9CAA5EF240D56FE004D925B /* BreatheView.swift in Sources */,
				5C03606F1FB90013007BC593 /* AppDelegate.swift in Sources */,
			);
			runOnlyForDeploymentPostprocessing = 0;
		};
/* End PBXSourcesBuildPhase section */

/* Begin PBXVariantGroup section */
		5C0360721FB90013007BC593 /* Main.storyboard */ = {
			isa = PBXVariantGroup;
			children = (
				5C0360731FB90013007BC593 /* Base */,
			);
			name = Main.storyboard;
			sourceTree = "<group>";
		};
		5C0360771FB90013007BC593 /* LaunchScreen.storyboard */ = {
			isa = PBXVariantGroup;
			children = (
				5C0360781FB90013007BC593 /* Base */,
			);
			name = LaunchScreen.storyboard;
			sourceTree = "<group>";
		};
/* End PBXVariantGroup section */

/* Begin XCBuildConfiguration section */
		5C03607B1FB90013007BC593 /* Debug */ = {
			isa = XCBuildConfiguration;
			buildSettings = {
				ALWAYS_SEARCH_USER_PATHS = NO;
				CLANG_ANALYZER_NONNULL = YES;
				CLANG_ANALYZER_NUMBER_OBJECT_CONVERSION = YES_AGGRESSIVE;
				CLANG_CXX_LANGUAGE_STANDARD = "gnu++14";
				CLANG_CXX_LIBRARY = "libc++";
				CLANG_ENABLE_MODULES = YES;
				CLANG_ENABLE_OBJC_ARC = YES;
				CLANG_WARN_BLOCK_CAPTURE_AUTORELEASING = YES;
				CLANG_WARN_BOOL_CONVERSION = YES;
				CLANG_WARN_COMMA = YES;
				CLANG_WARN_CONSTANT_CONVERSION = YES;
				CLANG_WARN_DEPRECATED_OBJC_IMPLEMENTATIONS = YES;
				CLANG_WARN_DIRECT_OBJC_ISA_USAGE = YES_ERROR;
				CLANG_WARN_DOCUMENTATION_COMMENTS = YES;
				CLANG_WARN_EMPTY_BODY = YES;
				CLANG_WARN_ENUM_CONVERSION = YES;
				CLANG_WARN_INFINITE_RECURSION = YES;
				CLANG_WARN_INT_CONVERSION = YES;
				CLANG_WARN_NON_LITERAL_NULL_CONVERSION = YES;
				CLANG_WARN_OBJC_IMPLICIT_RETAIN_SELF = YES;
				CLANG_WARN_OBJC_LITERAL_CONVERSION = YES;
				CLANG_WARN_OBJC_ROOT_CLASS = YES_ERROR;
				CLANG_WARN_RANGE_LOOP_ANALYSIS = YES;
				CLANG_WARN_STRICT_PROTOTYPES = YES;
				CLANG_WARN_SUSPICIOUS_MOVE = YES;
				CLANG_WARN_UNGUARDED_AVAILABILITY = YES_AGGRESSIVE;
				CLANG_WARN_UNREACHABLE_CODE = YES;
				CLANG_WARN__DUPLICATE_METHOD_MATCH = YES;
				CODE_SIGN_IDENTITY = "iPhone Developer";
				COPY_PHASE_STRIP = NO;
				DEBUG_INFORMATION_FORMAT = dwarf;
				ENABLE_STRICT_OBJC_MSGSEND = YES;
				ENABLE_TESTABILITY = YES;
				GCC_C_LANGUAGE_STANDARD = gnu11;
				GCC_DYNAMIC_NO_PIC = NO;
				GCC_NO_COMMON_BLOCKS = YES;
				GCC_OPTIMIZATION_LEVEL = 0;
				GCC_PREPROCESSOR_DEFINITIONS = (
					"DEBUG=1",
					"$(inherited)",
				);
				GCC_WARN_64_TO_32_BIT_CONVERSION = YES;
				GCC_WARN_ABOUT_RETURN_TYPE = YES_ERROR;
				GCC_WARN_UNDECLARED_SELECTOR = YES;
				GCC_WARN_UNINITIALIZED_AUTOS = YES_AGGRESSIVE;
				GCC_WARN_UNUSED_FUNCTION = YES;
				GCC_WARN_UNUSED_VARIABLE = YES;
				IPHONEOS_DEPLOYMENT_TARGET = 11.1;
				MTL_ENABLE_DEBUG_INFO = YES;
				ONLY_ACTIVE_ARCH = YES;
				SDKROOT = iphoneos;
				SWIFT_ACTIVE_COMPILATION_CONDITIONS = DEBUG;
				SWIFT_OPTIMIZATION_LEVEL = "-Onone";
			};
			name = Debug;
		};
		5C03607C1FB90013007BC593 /* Release */ = {
			isa = XCBuildConfiguration;
			buildSettings = {
				ALWAYS_SEARCH_USER_PATHS = NO;
				CLANG_ANALYZER_NONNULL = YES;
				CLANG_ANALYZER_NUMBER_OBJECT_CONVERSION = YES_AGGRESSIVE;
				CLANG_CXX_LANGUAGE_STANDARD = "gnu++14";
				CLANG_CXX_LIBRARY = "libc++";
				CLANG_ENABLE_MODULES = YES;
				CLANG_ENABLE_OBJC_ARC = YES;
				CLANG_WARN_BLOCK_CAPTURE_AUTORELEASING = YES;
				CLANG_WARN_BOOL_CONVERSION = YES;
				CLANG_WARN_COMMA = YES;
				CLANG_WARN_CONSTANT_CONVERSION = YES;
				CLANG_WARN_DEPRECATED_OBJC_IMPLEMENTATIONS = YES;
				CLANG_WARN_DIRECT_OBJC_ISA_USAGE = YES_ERROR;
				CLANG_WARN_DOCUMENTATION_COMMENTS = YES;
				CLANG_WARN_EMPTY_BODY = YES;
				CLANG_WARN_ENUM_CONVERSION = YES;
				CLANG_WARN_INFINITE_RECURSION = YES;
				CLANG_WARN_INT_CONVERSION = YES;
				CLANG_WARN_NON_LITERAL_NULL_CONVERSION = YES;
				CLANG_WARN_OBJC_IMPLICIT_RETAIN_SELF = YES;
				CLANG_WARN_OBJC_LITERAL_CONVERSION = YES;
				CLANG_WARN_OBJC_ROOT_CLASS = YES_ERROR;
				CLANG_WARN_RANGE_LOOP_ANALYSIS = YES;
				CLANG_WARN_STRICT_PROTOTYPES = YES;
				CLANG_WARN_SUSPICIOUS_MOVE = YES;
				CLANG_WARN_UNGUARDED_AVAILABILITY = YES_AGGRESSIVE;
				CLANG_WARN_UNREACHABLE_CODE = YES;
				CLANG_WARN__DUPLICATE_METHOD_MATCH = YES;
				CODE_SIGN_IDENTITY = "iPhone Developer";
				COPY_PHASE_STRIP = NO;
				DEBUG_INFORMATION_FORMAT = "dwarf-with-dsym";
				ENABLE_NS_ASSERTIONS = NO;
				ENABLE_STRICT_OBJC_MSGSEND = YES;
				GCC_C_LANGUAGE_STANDARD = gnu11;
				GCC_NO_COMMON_BLOCKS = YES;
				GCC_WARN_64_TO_32_BIT_CONVERSION = YES;
				GCC_WARN_ABOUT_RETURN_TYPE = YES_ERROR;
				GCC_WARN_UNDECLARED_SELECTOR = YES;
				GCC_WARN_UNINITIALIZED_AUTOS = YES_AGGRESSIVE;
				GCC_WARN_UNUSED_FUNCTION = YES;
				GCC_WARN_UNUSED_VARIABLE = YES;
				IPHONEOS_DEPLOYMENT_TARGET = 11.1;
				MTL_ENABLE_DEBUG_INFO = NO;
				SDKROOT = iphoneos;
				SWIFT_OPTIMIZATION_LEVEL = "-Owholemodule";
				VALIDATE_PRODUCT = YES;
			};
			name = Release;
		};
		5C03607E1FB90013007BC593 /* Debug */ = {
			isa = XCBuildConfiguration;
			baseConfigurationReference = 46C9D27EE0ED43EFE96E9AF8 /* Pods-HeartRateMonitor.debug.xcconfig */;
			buildSettings = {
				ASSETCATALOG_COMPILER_APPICON_NAME = AppIcon;
				CODE_SIGN_STYLE = Automatic;
				DEVELOPMENT_TEAM = 9695ZTHYA3;
				INFOPLIST_FILE = HeartRateMonitor/Info.plist;
				IPHONEOS_DEPLOYMENT_TARGET = 13.0;
				LD_RUNPATH_SEARCH_PATHS = "$(inherited) @executable_path/Frameworks";
				MARKETING_VERSION = 1.1;
				PRODUCT_BUNDLE_IDENTIFIER = com.powerPorter.HeartRateMonitor;
				PRODUCT_NAME = Porterable;
				SWIFT_VERSION = 5.0;
				TARGETED_DEVICE_FAMILY = "1,2";
			};
			name = Debug;
		};
		5C03607F1FB90013007BC593 /* Release */ = {
			isa = XCBuildConfiguration;
			baseConfigurationReference = 3C14A3487C881C3673EADACB /* Pods-HeartRateMonitor.release.xcconfig */;
			buildSettings = {
				ASSETCATALOG_COMPILER_APPICON_NAME = AppIcon;
				CODE_SIGN_STYLE = Automatic;
				DEVELOPMENT_TEAM = 9695ZTHYA3;
				INFOPLIST_FILE = HeartRateMonitor/Info.plist;
				IPHONEOS_DEPLOYMENT_TARGET = 13.0;
				LD_RUNPATH_SEARCH_PATHS = "$(inherited) @executable_path/Frameworks";
				MARKETING_VERSION = 1.1;
				PRODUCT_BUNDLE_IDENTIFIER = com.powerPorter.HeartRateMonitor;
				PRODUCT_NAME = Porterable;
				SWIFT_VERSION = 5.0;
				TARGETED_DEVICE_FAMILY = "1,2";
			};
			name = Release;
		};
/* End XCBuildConfiguration section */

/* Begin XCConfigurationList section */
		5C0360661FB90013007BC593 /* Build configuration list for PBXProject "HeartRateMonitor" */ = {
			isa = XCConfigurationList;
			buildConfigurations = (
				5C03607B1FB90013007BC593 /* Debug */,
				5C03607C1FB90013007BC593 /* Release */,
			);
			defaultConfigurationIsVisible = 0;
			defaultConfigurationName = Release;
		};
		5C03607D1FB90013007BC593 /* Build configuration list for PBXNativeTarget "HeartRateMonitor" */ = {
			isa = XCConfigurationList;
			buildConfigurations = (
				5C03607E1FB90013007BC593 /* Debug */,
				5C03607F1FB90013007BC593 /* Release */,
			);
			defaultConfigurationIsVisible = 0;
			defaultConfigurationName = Release;
		};
/* End XCConfigurationList section */
	};
	rootObject = 5C0360631FB90013007BC593 /* Project object */;
}
